// !$*UTF8*$!
{
	archiveVersion = 1;
	classes = {
	};
	objectVersion = 46;
	objects = {

/* Begin PBXBuildFile section */
		FA97094D1E46D25300D837DA /* AppDelegate.swift in Sources */ = {isa = PBXBuildFile; fileRef = FA97094C1E46D25300D837DA /* AppDelegate.swift */; };
		FA97094F1E46D25300D837DA /* ViewController.swift in Sources */ = {isa = PBXBuildFile; fileRef = FA97094E1E46D25300D837DA /* ViewController.swift */; };
		FA9709521E46D25300D837DA /* Main.storyboard in Resources */ = {isa = PBXBuildFile; fileRef = FA9709501E46D25300D837DA /* Main.storyboard */; };
		FA9709541E46D25300D837DA /* Assets.xcassets in Resources */ = {isa = PBXBuildFile; fileRef = FA9709531E46D25300D837DA /* Assets.xcassets */; };
		FA9709571E46D25300D837DA /* LaunchScreen.storyboard in Resources */ = {isa = PBXBuildFile; fileRef = FA9709551E46D25300D837DA /* LaunchScreen.storyboard */; };
/* End PBXBuildFile section */

/* Begin PBXFileReference section */
		FA9709491E46D25300D837DA /* Multibrowser.app */ = {isa = PBXFileReference; explicitFileType = wrapper.application; includeInIndex = 0; path = Multibrowser.app; sourceTree = BUILT_PRODUCTS_DIR; };
		FA97094C1E46D25300D837DA /* AppDelegate.swift */ = {isa = PBXFileReference; lastKnownFileType = sourcecode.swift; path = AppDelegate.swift; sourceTree = "<group>"; };
		FA97094E1E46D25300D837DA /* ViewController.swift */ = {isa = PBXFileReference; lastKnownFileType = sourcecode.swift; path = ViewController.swift; sourceTree = "<group>"; };
		FA9709511E46D25300D837DA /* Base */ = {isa = PBXFileReference; lastKnownFileType = file.storyboard; name = Base; path = Base.lproj/Main.storyboard; sourceTree = "<group>"; };
		FA9709531E46D25300D837DA /* Assets.xcassets */ = {isa = PBXFileReference; lastKnownFileType = folder.assetcatalog; path = Assets.xcassets; sourceTree = "<group>"; };
		FA9709561E46D25300D837DA /* Base */ = {isa = PBXFileReference; lastKnownFileType = file.storyboard; name = Base; path = Base.lproj/LaunchScreen.storyboard; sourceTree = "<group>"; };
		FA9709581E46D25300D837DA /* Info.plist */ = {isa = PBXFileReference; lastKnownFileType = text.plist.xml; path = Info.plist; sourceTree = "<group>"; };
/* End PBXFileReference section */

/* Begin PBXFrameworksBuildPhase section */
		FA9709461E46D25200D837DA /* Frameworks */ = {
			isa = PBXFrameworksBuildPhase;
			buildActionMask = 2147483647;
			files = (
			);
			runOnlyForDeploymentPostprocessing = 0;
		};
/* End PBXFrameworksBuildPhase section */

/* Begin PBXGroup section */
		FA9709401E46D25200D837DA = {
			isa = PBXGroup;
			children = (
				FA97094B1E46D25300D837DA /* Multibrowser */,
				FA97094A1E46D25300D837DA /* Products */,
			);
			sourceTree = "<group>";
		};
		FA97094A1E46D25300D837DA /* Products */ = {
			isa = PBXGroup;
			children = (
				FA9709491E46D25300D837DA /* Multibrowser.app */,
			);
			name = Products;
			sourceTree = "<group>";
		};
		FA97094B1E46D25300D837DA /* Multibrowser */ = {
			isa = PBXGroup;
			children = (
				FA97094C1E46D25300D837DA /* AppDelegate.swift */,
				FA97094E1E46D25300D837DA /* ViewController.swift */,
				FA9709501E46D25300D837DA /* Main.storyboard */,
				FA9709531E46D25300D837DA /* Assets.xcassets */,
				FA9709551E46D25300D837DA /* LaunchScreen.storyboard */,
				FA9709581E46D25300D837DA /* Info.plist */,
			);
			path = Multibrowser;
			sourceTree = "<group>";
		};
/* End PBXGroup section */

/* Begin PBXNativeTarget section */
		FA9709481E46D25200D837DA /* Multibrowser */ = {
			isa = PBXNativeTarget;
			buildConfigurationList = FA97095B1E46D25300D837DA /* Build configuration list for PBXNativeTarget "Multibrowser" */;
			buildPhases = (
				FA9709451E46D25200D837DA /* Sources */,
				FA9709461E46D25200D837DA /* Frameworks */,
				FA9709471E46D25200D837DA /* Resources */,
			);
			buildRules = (
			);
			dependencies = (
			);
			name = Multibrowser;
			productName = Multibrowser;
			productReference = FA9709491E46D25300D837DA /* Multibrowser.app */;
			productType = "com.apple.product-type.application";
		};
/* End PBXNativeTarget section */

/* Begin PBXProject section */
		FA9709411E46D25200D837DA /* Project object */ = {
			isa = PBXProject;
			attributes = {
				LastSwiftUpdateCheck = 0820;
				LastUpgradeCheck = 0820;
				ORGANIZATIONNAME = "Alex Barcenas";
				TargetAttributes = {
					FA9709481E46D25200D837DA = {
						CreatedOnToolsVersion = 8.2;
						ProvisioningStyle = Automatic;
					};
				};
			};
			buildConfigurationList = FA9709441E46D25200D837DA /* Build configuration list for PBXProject "Multibrowser" */;
			compatibilityVersion = "Xcode 3.2";
			developmentRegion = English;
			hasScannedForEncodings = 0;
			knownRegions = (
				en,
				Base,
			);
			mainGroup = FA9709401E46D25200D837DA;
			productRefGroup = FA97094A1E46D25300D837DA /* Products */;
			projectDirPath = "";
			projectRoot = "";
			targets = (
				FA9709481E46D25200D837DA /* Multibrowser */,
			);
		};
/* End PBXProject section */

/* Begin PBXResourcesBuildPhase section */
		FA9709471E46D25200D837DA /* Resources */ = {
			isa = PBXResourcesBuildPhase;
			buildActionMask = 2147483647;
			files = (
				FA9709571E46D25300D837DA /* LaunchScreen.storyboard in Resources */,
				FA9709541E46D25300D837DA /* Assets.xcassets in Resources */,
				FA9709521E46D25300D837DA /* Main.storyboard in Resources */,
			);
			runOnlyForDeploymentPostprocessing = 0;
		};
/* End PBXResourcesBuildPhase section */

/* Begin PBXSourcesBuildPhase section */
		FA9709451E46D25200D837DA /* Sources */ = {
			isa = PBXSourcesBuildPhase;
			buildActionMask = 2147483647;
			files = (
				FA97094F1E46D25300D837DA /* ViewController.swift in Sources */,
				FA97094D1E46D25300D837DA /* AppDelegate.swift in Sources */,
			);
			runOnlyForDeploymentPostprocessing = 0;
		};
/* End PBXSourcesBuildPhase section */

/* Begin PBXVariantGroup section */
		FA9709501E46D25300D837DA /* Main.storyboard */ = {
			isa = PBXVariantGroup;
			children = (
				FA9709511E46D25300D837DA /* Base */,
			);
			name = Main.storyboard;
			sourceTree = "<group>";
		};
		FA9709551E46D25300D837DA /* LaunchScreen.storyboard */ = {
			isa = PBXVariantGroup;
			children = (
				FA9709561E46D25300D837DA /* Base */,
			);
			name = LaunchScreen.storyboard;
			sourceTree = "<group>";
		};
/* End PBXVariantGroup section */

/* Begin XCBuildConfiguration section */
		FA9709591E46D25300D837DA /* Debug */ = {
			isa = XCBuildConfiguration;
			buildSettings = {
				ALWAYS_SEARCH_USER_PATHS = NO;
				CLANG_ANALYZER_NONNULL = YES;
				CLANG_CXX_LANGUAGE_STANDARD = "gnu++0x";
				CLANG_CXX_LIBRARY = "libc++";
				CLANG_ENABLE_MODULES = YES;
				CLANG_ENABLE_OBJC_ARC = YES;
				CLANG_WARN_BOOL_CONVERSION = YES;
				CLANG_WARN_CONSTANT_CONVERSION = YES;
				CLANG_WARN_DIRECT_OBJC_ISA_USAGE = YES_ERROR;
				CLANG_WARN_DOCUMENTATION_COMMENTS = YES;
				CLANG_WARN_EMPTY_BODY = YES;
				CLANG_WARN_ENUM_CONVERSION = YES;
				CLANG_WARN_INFINITE_RECURSION = YES;
				CLANG_WARN_INT_CONVERSION = YES;
				CLANG_WARN_OBJC_ROOT_CLASS = YES_ERROR;
				CLANG_WARN_SUSPICIOUS_MOVE = YES;
				CLANG_WARN_UNREACHABLE_CODE = YES;
				CLANG_WARN__DUPLICATE_METHOD_MATCH = YES;
				"CODE_SIGN_IDENTITY[sdk=iphoneos*]" = "iPhone Developer";
				COPY_PHASE_STRIP = NO;
				DEBUG_INFORMATION_FORMAT = dwarf;
				ENABLE_STRICT_OBJC_MSGSEND = YES;
				ENABLE_TESTABILITY = YES;
				GCC_C_LANGUAGE_STANDARD = gnu99;
				GCC_DYNAMIC_NO_PIC = NO;
				GCC_NO_COMMON_BLOCKS = YES;
				GCC_OPTIMIZATION_LEVEL = 0;
				GCC_PREPROCESSOR_DEFINITIONS = (
					"DEBUG=1",
					"$(inherited)",
				);
				GCC_WARN_64_TO_32_BIT_CONVERSION = YES;
				GCC_WARN_ABOUT_RETURN_TYPE = YES_ERROR;
				GCC_WARN_UNDECLARED_SELECTOR = YES;
				GCC_WARN_UNINITIALIZED_AUTOS = YES_AGGRESSIVE;
				GCC_WARN_UNUSED_FUNCTION = YES;
				GCC_WARN_UNUSED_VARIABLE = YES;
				IPHONEOS_DEPLOYMENT_TARGET = 10.2;
				MTL_ENABLE_DEBUG_INFO = YES;
				ONLY_ACTIVE_ARCH = YES;
				SDKROOT = iphoneos;
				SWIFT_ACTIVE_COMPILATION_CONDITIONS = DEBUG;
				SWIFT_OPTIMIZATION_LEVEL = "-Onone";
				TARGETED_DEVICE_FAMILY = 2;
			};
			name = Debug;
		};
		FA97095A1E46D25300D837DA /* Release */ = {
			isa = XCBuildConfiguration;
			buildSettings = {
				ALWAYS_SEARCH_USER_PATHS = NO;
				CLANG_ANALYZER_NONNULL = YES;
				CLANG_CXX_LANGUAGE_STANDARD = "gnu++0x";
				CLANG_CXX_LIBRARY = "libc++";
				CLANG_ENABLE_MODULES = YES;
				CLANG_ENABLE_OBJC_ARC = YES;
				CLANG_WARN_BOOL_CONVERSION = YES;
				CLANG_WARN_CONSTANT_CONVERSION = YES;
				CLANG_WARN_DIRECT_OBJC_ISA_USAGE = YES_ERROR;
				CLANG_WARN_DOCUMENTATION_COMMENTS = YES;
				CLANG_WARN_EMPTY_BODY = YES;
				CLANG_WARN_ENUM_CONVERSION = YES;
				CLANG_WARN_INFINITE_RECURSION = YES;
				CLANG_WARN_INT_CONVERSION = YES;
				CLANG_WARN_OBJC_ROOT_CLASS = YES_ERROR;
				CLANG_WARN_SUSPICIOUS_MOVE = YES;
				CLANG_WARN_UNREACHABLE_CODE = YES;
				CLANG_WARN__DUPLICATE_METHOD_MATCH = YES;
				"CODE_SIGN_IDENTITY[sdk=iphoneos*]" = "iPhone Developer";
				COPY_PHASE_STRIP = NO;
				DEBUG_INFORMATION_FORMAT = "dwarf-with-dsym";
				ENABLE_NS_ASSERTIONS = NO;
				ENABLE_STRICT_OBJC_MSGSEND = YES;
				GCC_C_LANGUAGE_STANDARD = gnu99;
				GCC_NO_COMMON_BLOCKS = YES;
				GCC_WARN_64_TO_32_BIT_CONVERSION = YES;
				GCC_WARN_ABOUT_RETURN_TYPE = YES_ERROR;
				GCC_WARN_UNDECLARED_SELECTOR = YES;
				GCC_WARN_UNINITIALIZED_AUTOS = YES_AGGRESSIVE;
				GCC_WARN_UNUSED_FUNCTION = YES;
				GCC_WARN_UNUSED_VARIABLE = YES;
				IPHONEOS_DEPLOYMENT_TARGET = 10.2;
				MTL_ENABLE_DEBUG_INFO = NO;
				SDKROOT = iphoneos;
				SWIFT_OPTIMIZATION_LEVEL = "-Owholemodule";
				TARGETED_DEVICE_FAMILY = 2;
				VALIDATE_PRODUCT = YES;
			};
			name = Release;
		};
		FA97095C1E46D25300D837DA /* Debug */ = {
			isa = XCBuildConfiguration;
			buildSettings = {
				ASSETCATALOG_COMPILER_APPICON_NAME = AppIcon;
				INFOPLIST_FILE = Multibrowser/Info.plist;
				LD_RUNPATH_SEARCH_PATHS = "$(inherited) @executable_path/Frameworks";
				PRODUCT_BUNDLE_IDENTIFIER = "Alex-Barcenas.Multibrowser";
				PRODUCT_NAME = "$(TARGET_NAME)";
				SWIFT_VERSION = 3.0;
			};
			name = Debug;
		};
		FA97095D1E46D25300D837DA /* Release */ = {
			isa = XCBuildConfiguration;
			buildSettings = {
				ASSETCATALOG_COMPILER_APPICON_NAME = AppIcon;
				INFOPLIST_FILE = Multibrowser/Info.plist;
				LD_RUNPATH_SEARCH_PATHS = "$(inherited) @executable_path/Frameworks";
				PRODUCT_BUNDLE_IDENTIFIER = "Alex-Barcenas.Multibrowser";
				PRODUCT_NAME = "$(TARGET_NAME)";
				SWIFT_VERSION = 3.0;
			};
			name = Release;
		};
/* End XCBuildConfiguration section */

/* Begin XCConfigurationList section */
		FA9709441E46D25200D837DA /* Build configuration list for PBXProject "Multibrowser" */ = {
			isa = XCConfigurationList;
			buildConfigurations = (
				FA9709591E46D25300D837DA /* Debug */,
				FA97095A1E46D25300D837DA /* Release */,
			);
			defaultConfigurationIsVisible = 0;
			defaultConfigurationName = Release;
		};
		FA97095B1E46D25300D837DA /* Build configuration list for PBXNativeTarget "Multibrowser" */ = {
			isa = XCConfigurationList;
			buildConfigurations = (
				FA97095C1E46D25300D837DA /* Debug */,
				FA97095D1E46D25300D837DA /* Release */,
			);
			defaultConfigurationIsVisible = 0;
		};
/* End XCConfigurationList section */
	};
	rootObject = FA9709411E46D25200D837DA /* Project object */;
}
